
Microsoft Visual Studio Solution File, Format Version 12.00
# Visual Studio Version 17
VisualStudioVersion = 17.0.31903.59
MinimumVisualStudioVersion = 10.0.40219.1
Project("{FAE04EC0-301F-11D3-BF4B-00C04F79EFBC}") = "ArtesMarciais.Api", "src\ArtesMarciais.Api\ArtesMarciais.Api.csproj", "{1A977B11-891A-472A-B818-DF5334FFC850}"
EndProject
Project("{2150E333-8FDC-42A3-9474-1A3956D46DE8}") = "src", "src", "{02EA681E-C7D8-13C7-8484-4AC65E1B71E8}"
EndProject
Project("{2150E333-8FDC-42A3-9474-1A3956D46DE8}") = "test", "test", "{87886A72-D42A-40F7-A800-079D8CEBE390}"
EndProject
Project("{2150E333-8FDC-42A3-9474-1A3956D46DE8}") = "API", "API", "{ABE71E32-F946-4227-9DB9-D2841DE2F1F6}"
EndProject
Project("{2150E333-8FDC-42A3-9474-1A3956D46DE8}") = "Shared", "Shared", "{D3FD1604-C5BB-4689-B90B-81ACDB1C743B}"
EndProject
Project("{FAE04EC0-301F-11D3-BF4B-00C04F79EFBC}") = "ArtesMarciais.Core", "src\ArtesMarciais.Core\ArtesMarciais.Core.csproj", "{F611F634-D1E5-4BDF-9D0C-1753963BF7CF}"
EndProject
Project("{2150E333-8FDC-42A3-9474-1A3956D46DE8}") = "01 - API", "01 - API", "{FBDAD2E5-B646-4C0B-8058-DEB08296819F}"
EndProject
Project("{2150E333-8FDC-42A3-9474-1A3956D46DE8}") = "02 - Domain", "02 - Domain", "{9886BC38-D206-47FC-8DD2-3D0ED585705D}"
EndProject
Project("{FAE04EC0-301F-11D3-BF4B-00C04F79EFBC}") = "ArtesMarciais.Domain", "src\ArtesMarciais.Domain\ArtesMarciais.Domain.csproj", "{B04EBF92-44EF-4FAC-8D66-E34EAA29A552}"
EndProject
Project("{2150E333-8FDC-42A3-9474-1A3956D46DE8}") = "03 - Infra", "03 - Infra", "{A081264B-95A3-4502-9375-691DA68280A7}"
EndProject
Project("{FAE04EC0-301F-11D3-BF4B-00C04F79EFBC}") = "ArtesMarciais.Infra", "src\ArtesMarciais.Infra\ArtesMarciais.Infra.csproj", "{9407EA36-F845-4A4B-A886-7908F9E07FA6}"
EndProject
Project("{FAE04EC0-301F-11D3-BF4B-00C04F79EFBC}") = "Api.Test", "test\Api.Test\Api.Test.csproj", "{00ED80B0-D6E2-4913-B437-1D67B2FFBC2B}"
EndProject
Global
	GlobalSection(SolutionConfigurationPlatforms) = preSolution
		Debug|Any CPU = Debug|Any CPU
		Release|Any CPU = Release|Any CPU
	EndGlobalSection
	GlobalSection(ProjectConfigurationPlatforms) = postSolution
		{1A977B11-891A-472A-B818-DF5334FFC850}.Debug|Any CPU.ActiveCfg = Debug|Any CPU
		{1A977B11-891A-472A-B818-DF5334FFC850}.Debug|Any CPU.Build.0 = Debug|Any CPU
		{1A977B11-891A-472A-B818-DF5334FFC850}.Release|Any CPU.ActiveCfg = Release|Any CPU
		{1A977B11-891A-472A-B818-DF5334FFC850}.Release|Any CPU.Build.0 = Release|Any CPU
		{F611F634-D1E5-4BDF-9D0C-1753963BF7CF}.Debug|Any CPU.ActiveCfg = Debug|Any CPU
		{F611F634-D1E5-4BDF-9D0C-1753963BF7CF}.Debug|Any CPU.Build.0 = Debug|Any CPU
		{F611F634-D1E5-4BDF-9D0C-1753963BF7CF}.Release|Any CPU.ActiveCfg = Release|Any CPU
		{F611F634-D1E5-4BDF-9D0C-1753963BF7CF}.Release|Any CPU.Build.0 = Release|Any CPU
		{B04EBF92-44EF-4FAC-8D66-E34EAA29A552}.Debug|Any CPU.ActiveCfg = Debug|Any CPU
		{B04EBF92-44EF-4FAC-8D66-E34EAA29A552}.Debug|Any CPU.Build.0 = Debug|Any CPU
		{B04EBF92-44EF-4FAC-8D66-E34EAA29A552}.Release|Any CPU.ActiveCfg = Release|Any CPU
		{B04EBF92-44EF-4FAC-8D66-E34EAA29A552}.Release|Any CPU.Build.0 = Release|Any CPU
		{9407EA36-F845-4A4B-A886-7908F9E07FA6}.Debug|Any CPU.ActiveCfg = Debug|Any CPU
		{9407EA36-F845-4A4B-A886-7908F9E07FA6}.Debug|Any CPU.Build.0 = Debug|Any CPU
		{9407EA36-F845-4A4B-A886-7908F9E07FA6}.Release|Any CPU.ActiveCfg = Release|Any CPU
		{9407EA36-F845-4A4B-A886-7908F9E07FA6}.Release|Any CPU.Build.0 = Release|Any CPU
		{00ED80B0-D6E2-4913-B437-1D67B2FFBC2B}.Debug|Any CPU.ActiveCfg = Debug|Any CPU
		{00ED80B0-D6E2-4913-B437-1D67B2FFBC2B}.Debug|Any CPU.Build.0 = Debug|Any CPU
		{00ED80B0-D6E2-4913-B437-1D67B2FFBC2B}.Release|Any CPU.ActiveCfg = Release|Any CPU
		{00ED80B0-D6E2-4913-B437-1D67B2FFBC2B}.Release|Any CPU.Build.0 = Release|Any CPU
	EndGlobalSection
	GlobalSection(SolutionProperties) = preSolution
		HideSolutionNode = FALSE
	EndGlobalSection
	GlobalSection(NestedProjects) = preSolution
		{1A977B11-891A-472A-B818-DF5334FFC850} = {FBDAD2E5-B646-4C0B-8058-DEB08296819F}
		{ABE71E32-F946-4227-9DB9-D2841DE2F1F6} = {02EA681E-C7D8-13C7-8484-4AC65E1B71E8}
		{D3FD1604-C5BB-4689-B90B-81ACDB1C743B} = {02EA681E-C7D8-13C7-8484-4AC65E1B71E8}
		{F611F634-D1E5-4BDF-9D0C-1753963BF7CF} = {D3FD1604-C5BB-4689-B90B-81ACDB1C743B}
		{FBDAD2E5-B646-4C0B-8058-DEB08296819F} = {ABE71E32-F946-4227-9DB9-D2841DE2F1F6}
		{9886BC38-D206-47FC-8DD2-3D0ED585705D} = {ABE71E32-F946-4227-9DB9-D2841DE2F1F6}
		{B04EBF92-44EF-4FAC-8D66-E34EAA29A552} = {9886BC38-D206-47FC-8DD2-3D0ED585705D}
		{A081264B-95A3-4502-9375-691DA68280A7} = {ABE71E32-F946-4227-9DB9-D2841DE2F1F6}
		{9407EA36-F845-4A4B-A886-7908F9E07FA6} = {A081264B-95A3-4502-9375-691DA68280A7}
		{00ED80B0-D6E2-4913-B437-1D67B2FFBC2B} = {87886A72-D42A-40F7-A800-079D8CEBE390}
	EndGlobalSection
	GlobalSection(ExtensibilityGlobals) = postSolution
		SolutionGuid = {70EBCAFF-F6FA-4A66-8D1D-F27526C1AE7F}
	EndGlobalSection
EndGlobal
